// !$*UTF8*$!
{
	archiveVersion = 1;
	classes = {
	};
	objectVersion = 46;
	objects = {

/* Begin PBXBuildFile section */
		98BB2E351E25B0A6005A8FD0 /* AppDelegate.swift in Sources */ = {isa = PBXBuildFile; fileRef = 98BB2E341E25B0A6005A8FD0 /* AppDelegate.swift */; };
		98BB2E371E25B0A6005A8FD0 /* ViewController.swift in Sources */ = {isa = PBXBuildFile; fileRef = 98BB2E361E25B0A6005A8FD0 /* ViewController.swift */; };
		98BB2E3A1E25B0A6005A8FD0 /* Main.storyboard in Resources */ = {isa = PBXBuildFile; fileRef = 98BB2E381E25B0A6005A8FD0 /* Main.storyboard */; };
		98BB2E3C1E25B0A6005A8FD0 /* Assets.xcassets in Resources */ = {isa = PBXBuildFile; fileRef = 98BB2E3B1E25B0A6005A8FD0 /* Assets.xcassets */; };
		98BB2E3F1E25B0A6005A8FD0 /* LaunchScreen.storyboard in Resources */ = {isa = PBXBuildFile; fileRef = 98BB2E3D1E25B0A6005A8FD0 /* LaunchScreen.storyboard */; };
		98BB2E4A1E25B0A6005A8FD0 /* urlsession_tutorialTests.swift in Sources */ = {isa = PBXBuildFile; fileRef = 98BB2E491E25B0A6005A8FD0 /* urlsession_tutorialTests.swift */; };
		98BB2E551E25B0A6005A8FD0 /* urlsession_tutorialUITests.swift in Sources */ = {isa = PBXBuildFile; fileRef = 98BB2E541E25B0A6005A8FD0 /* urlsession_tutorialUITests.swift */; };
		98BB2E651E25B4B4005A8FD0 /* WeatherAPIService.swift in Sources */ = {isa = PBXBuildFile; fileRef = 98BB2E641E25B4B4005A8FD0 /* WeatherAPIService.swift */; };
/* End PBXBuildFile section */

/* Begin PBXContainerItemProxy section */
		98BB2E461E25B0A6005A8FD0 /* PBXContainerItemProxy */ = {
			isa = PBXContainerItemProxy;
			containerPortal = 98BB2E291E25B0A6005A8FD0 /* Project object */;
			proxyType = 1;
			remoteGlobalIDString = 98BB2E301E25B0A6005A8FD0;
			remoteInfo = urlsession_tutorial;
		};
		98BB2E511E25B0A6005A8FD0 /* PBXContainerItemProxy */ = {
			isa = PBXContainerItemProxy;
			containerPortal = 98BB2E291E25B0A6005A8FD0 /* Project object */;
			proxyType = 1;
			remoteGlobalIDString = 98BB2E301E25B0A6005A8FD0;
			remoteInfo = urlsession_tutorial;
		};
/* End PBXContainerItemProxy section */

/* Begin PBXFileReference section */
		98BB2E311E25B0A6005A8FD0 /* urlsession_tutorial.app */ = {isa = PBXFileReference; explicitFileType = wrapper.application; includeInIndex = 0; path = urlsession_tutorial.app; sourceTree = BUILT_PRODUCTS_DIR; };
		98BB2E341E25B0A6005A8FD0 /* AppDelegate.swift */ = {isa = PBXFileReference; lastKnownFileType = sourcecode.swift; path = AppDelegate.swift; sourceTree = "<group>"; };
		98BB2E361E25B0A6005A8FD0 /* ViewController.swift */ = {isa = PBXFileReference; lastKnownFileType = sourcecode.swift; path = ViewController.swift; sourceTree = "<group>"; };
		98BB2E391E25B0A6005A8FD0 /* Base */ = {isa = PBXFileReference; lastKnownFileType = file.storyboard; name = Base; path = Base.lproj/Main.storyboard; sourceTree = "<group>"; };
		98BB2E3B1E25B0A6005A8FD0 /* Assets.xcassets */ = {isa = PBXFileReference; lastKnownFileType = folder.assetcatalog; path = Assets.xcassets; sourceTree = "<group>"; };
		98BB2E3E1E25B0A6005A8FD0 /* Base */ = {isa = PBXFileReference; lastKnownFileType = file.storyboard; name = Base; path = Base.lproj/LaunchScreen.storyboard; sourceTree = "<group>"; };
		98BB2E401E25B0A6005A8FD0 /* Info.plist */ = {isa = PBXFileReference; lastKnownFileType = text.plist.xml; path = Info.plist; sourceTree = "<group>"; };
		98BB2E451E25B0A6005A8FD0 /* urlsession_tutorialTests.xctest */ = {isa = PBXFileReference; explicitFileType = wrapper.cfbundle; includeInIndex = 0; path = urlsession_tutorialTests.xctest; sourceTree = BUILT_PRODUCTS_DIR; };
		98BB2E491E25B0A6005A8FD0 /* urlsession_tutorialTests.swift */ = {isa = PBXFileReference; lastKnownFileType = sourcecode.swift; path = urlsession_tutorialTests.swift; sourceTree = "<group>"; };
		98BB2E4B1E25B0A6005A8FD0 /* Info.plist */ = {isa = PBXFileReference; lastKnownFileType = text.plist.xml; path = Info.plist; sourceTree = "<group>"; };
		98BB2E501E25B0A6005A8FD0 /* urlsession_tutorialUITests.xctest */ = {isa = PBXFileReference; explicitFileType = wrapper.cfbundle; includeInIndex = 0; path = urlsession_tutorialUITests.xctest; sourceTree = BUILT_PRODUCTS_DIR; };
		98BB2E541E25B0A6005A8FD0 /* urlsession_tutorialUITests.swift */ = {isa = PBXFileReference; lastKnownFileType = sourcecode.swift; path = urlsession_tutorialUITests.swift; sourceTree = "<group>"; };
		98BB2E561E25B0A6005A8FD0 /* Info.plist */ = {isa = PBXFileReference; lastKnownFileType = text.plist.xml; path = Info.plist; sourceTree = "<group>"; };
		98BB2E641E25B4B4005A8FD0 /* WeatherAPIService.swift */ = {isa = PBXFileReference; fileEncoding = 4; lastKnownFileType = sourcecode.swift; path = WeatherAPIService.swift; sourceTree = "<group>"; };
/* End PBXFileReference section */

/* Begin PBXFrameworksBuildPhase section */
		98BB2E2E1E25B0A6005A8FD0 /* Frameworks */ = {
			isa = PBXFrameworksBuildPhase;
			buildActionMask = 2147483647;
			files = (
			);
			runOnlyForDeploymentPostprocessing = 0;
		};
		98BB2E421E25B0A6005A8FD0 /* Frameworks */ = {
			isa = PBXFrameworksBuildPhase;
			buildActionMask = 2147483647;
			files = (
			);
			runOnlyForDeploymentPostprocessing = 0;
		};
		98BB2E4D1E25B0A6005A8FD0 /* Frameworks */ = {
			isa = PBXFrameworksBuildPhase;
			buildActionMask = 2147483647;
			files = (
			);
			runOnlyForDeploymentPostprocessing = 0;
		};
/* End PBXFrameworksBuildPhase section */

/* Begin PBXGroup section */
		98BB2E281E25B0A6005A8FD0 = {
			isa = PBXGroup;
			children = (
				98BB2E331E25B0A6005A8FD0 /* urlsession_tutorial */,
				98BB2E481E25B0A6005A8FD0 /* urlsession_tutorialTests */,
				98BB2E531E25B0A6005A8FD0 /* urlsession_tutorialUITests */,
				98BB2E321E25B0A6005A8FD0 /* Products */,
			);
			sourceTree = "<group>";
		};
		98BB2E321E25B0A6005A8FD0 /* Products */ = {
			isa = PBXGroup;
			children = (
				98BB2E311E25B0A6005A8FD0 /* urlsession_tutorial.app */,
				98BB2E451E25B0A6005A8FD0 /* urlsession_tutorialTests.xctest */,
				98BB2E501E25B0A6005A8FD0 /* urlsession_tutorialUITests.xctest */,
			);
			name = Products;
			sourceTree = "<group>";
		};
		98BB2E331E25B0A6005A8FD0 /* urlsession_tutorial */ = {
			isa = PBXGroup;
			children = (
				98BB2E341E25B0A6005A8FD0 /* AppDelegate.swift */,
				98BB2E361E25B0A6005A8FD0 /* ViewController.swift */,
				98BB2E381E25B0A6005A8FD0 /* Main.storyboard */,
				98BB2E3B1E25B0A6005A8FD0 /* Assets.xcassets */,
				98BB2E3D1E25B0A6005A8FD0 /* LaunchScreen.storyboard */,
				98BB2E401E25B0A6005A8FD0 /* Info.plist */,
				98BB2E641E25B4B4005A8FD0 /* WeatherAPIService.swift */,
			);
			path = urlsession_tutorial;
			sourceTree = "<group>";
		};
		98BB2E481E25B0A6005A8FD0 /* urlsession_tutorialTests */ = {
			isa = PBXGroup;
			children = (
				98BB2E491E25B0A6005A8FD0 /* urlsession_tutorialTests.swift */,
				98BB2E4B1E25B0A6005A8FD0 /* Info.plist */,
			);
			path = urlsession_tutorialTests;
			sourceTree = "<group>";
		};
		98BB2E531E25B0A6005A8FD0 /* urlsession_tutorialUITests */ = {
			isa = PBXGroup;
			children = (
				98BB2E541E25B0A6005A8FD0 /* urlsession_tutorialUITests.swift */,
				98BB2E561E25B0A6005A8FD0 /* Info.plist */,
			);
			path = urlsession_tutorialUITests;
			sourceTree = "<group>";
		};
/* End PBXGroup section */

/* Begin PBXNativeTarget section */
		98BB2E301E25B0A6005A8FD0 /* urlsession_tutorial */ = {
			isa = PBXNativeTarget;
			buildConfigurationList = 98BB2E591E25B0A6005A8FD0 /* Build configuration list for PBXNativeTarget "urlsession_tutorial" */;
			buildPhases = (
				98BB2E2D1E25B0A6005A8FD0 /* Sources */,
				98BB2E2E1E25B0A6005A8FD0 /* Frameworks */,
				98BB2E2F1E25B0A6005A8FD0 /* Resources */,
			);
			buildRules = (
			);
			dependencies = (
			);
			name = urlsession_tutorial;
			productName = urlsession_tutorial;
			productReference = 98BB2E311E25B0A6005A8FD0 /* urlsession_tutorial.app */;
			productType = "com.apple.product-type.application";
		};
		98BB2E441E25B0A6005A8FD0 /* urlsession_tutorialTests */ = {
			isa = PBXNativeTarget;
			buildConfigurationList = 98BB2E5C1E25B0A6005A8FD0 /* Build configuration list for PBXNativeTarget "urlsession_tutorialTests" */;
			buildPhases = (
				98BB2E411E25B0A6005A8FD0 /* Sources */,
				98BB2E421E25B0A6005A8FD0 /* Frameworks */,
				98BB2E431E25B0A6005A8FD0 /* Resources */,
			);
			buildRules = (
			);
			dependencies = (
				98BB2E471E25B0A6005A8FD0 /* PBXTargetDependency */,
			);
			name = urlsession_tutorialTests;
			productName = urlsession_tutorialTests;
			productReference = 98BB2E451E25B0A6005A8FD0 /* urlsession_tutorialTests.xctest */;
			productType = "com.apple.product-type.bundle.unit-test";
		};
		98BB2E4F1E25B0A6005A8FD0 /* urlsession_tutorialUITests */ = {
			isa = PBXNativeTarget;
			buildConfigurationList = 98BB2E5F1E25B0A6005A8FD0 /* Build configuration list for PBXNativeTarget "urlsession_tutorialUITests" */;
			buildPhases = (
				98BB2E4C1E25B0A6005A8FD0 /* Sources */,
				98BB2E4D1E25B0A6005A8FD0 /* Frameworks */,
				98BB2E4E1E25B0A6005A8FD0 /* Resources */,
			);
			buildRules = (
			);
			dependencies = (
				98BB2E521E25B0A6005A8FD0 /* PBXTargetDependency */,
			);
			name = urlsession_tutorialUITests;
			productName = urlsession_tutorialUITests;
			productReference = 98BB2E501E25B0A6005A8FD0 /* urlsession_tutorialUITests.xctest */;
			productType = "com.apple.product-type.bundle.ui-testing";
		};
/* End PBXNativeTarget section */

/* Begin PBXProject section */
		98BB2E291E25B0A6005A8FD0 /* Project object */ = {
			isa = PBXProject;
			attributes = {
				LastSwiftUpdateCheck = 0820;
				LastUpgradeCheck = 0820;
				ORGANIZATIONNAME = CodePro;
				TargetAttributes = {
					98BB2E301E25B0A6005A8FD0 = {
						CreatedOnToolsVersion = 8.2.1;
						ProvisioningStyle = Automatic;
					};
					98BB2E441E25B0A6005A8FD0 = {
						CreatedOnToolsVersion = 8.2.1;
						ProvisioningStyle = Automatic;
						TestTargetID = 98BB2E301E25B0A6005A8FD0;
					};
					98BB2E4F1E25B0A6005A8FD0 = {
						CreatedOnToolsVersion = 8.2.1;
						ProvisioningStyle = Automatic;
						TestTargetID = 98BB2E301E25B0A6005A8FD0;
					};
				};
			};
			buildConfigurationList = 98BB2E2C1E25B0A6005A8FD0 /* Build configuration list for PBXProject "urlsession_tutorial" */;
			compatibilityVersion = "Xcode 3.2";
			developmentRegion = English;
			hasScannedForEncodings = 0;
			knownRegions = (
				en,
				Base,
			);
			mainGroup = 98BB2E281E25B0A6005A8FD0;
			productRefGroup = 98BB2E321E25B0A6005A8FD0 /* Products */;
			projectDirPath = "";
			projectRoot = "";
			targets = (
				98BB2E301E25B0A6005A8FD0 /* urlsession_tutorial */,
				98BB2E441E25B0A6005A8FD0 /* urlsession_tutorialTests */,
				98BB2E4F1E25B0A6005A8FD0 /* urlsession_tutorialUITests */,
			);
		};
/* End PBXProject section */

/* Begin PBXResourcesBuildPhase section */
		98BB2E2F1E25B0A6005A8FD0 /* Resources */ = {
			isa = PBXResourcesBuildPhase;
			buildActionMask = 2147483647;
			files = (
				98BB2E3F1E25B0A6005A8FD0 /* LaunchScreen.storyboard in Resources */,
				98BB2E3C1E25B0A6005A8FD0 /* Assets.xcassets in Resources */,
				98BB2E3A1E25B0A6005A8FD0 /* Main.storyboard in Resources */,
			);
			runOnlyForDeploymentPostprocessing = 0;
		};
		98BB2E431E25B0A6005A8FD0 /* Resources */ = {
			isa = PBXResourcesBuildPhase;
			buildActionMask = 2147483647;
			files = (
			);
			runOnlyForDeploymentPostprocessing = 0;
		};
		98BB2E4E1E25B0A6005A8FD0 /* Resources */ = {
			isa = PBXResourcesBuildPhase;
			buildActionMask = 2147483647;
			files = (
			);
			runOnlyForDeploymentPostprocessing = 0;
		};
/* End PBXResourcesBuildPhase section */

/* Begin PBXSourcesBuildPhase section */
		98BB2E2D1E25B0A6005A8FD0 /* Sources */ = {
			isa = PBXSourcesBuildPhase;
			buildActionMask = 2147483647;
			files = (
				98BB2E651E25B4B4005A8FD0 /* WeatherAPIService.swift in Sources */,
				98BB2E371E25B0A6005A8FD0 /* ViewController.swift in Sources */,
				98BB2E351E25B0A6005A8FD0 /* AppDelegate.swift in Sources */,
			);
			runOnlyForDeploymentPostprocessing = 0;
		};
		98BB2E411E25B0A6005A8FD0 /* Sources */ = {
			isa = PBXSourcesBuildPhase;
			buildActionMask = 2147483647;
			files = (
				98BB2E4A1E25B0A6005A8FD0 /* urlsession_tutorialTests.swift in Sources */,
			);
			runOnlyForDeploymentPostprocessing = 0;
		};
		98BB2E4C1E25B0A6005A8FD0 /* Sources */ = {
			isa = PBXSourcesBuildPhase;
			buildActionMask = 2147483647;
			files = (
				98BB2E551E25B0A6005A8FD0 /* urlsession_tutorialUITests.swift in Sources */,
			);
			runOnlyForDeploymentPostprocessing = 0;
		};
/* End PBXSourcesBuildPhase section */

/* Begin PBXTargetDependency section */
		98BB2E471E25B0A6005A8FD0 /* PBXTargetDependency */ = {
			isa = PBXTargetDependency;
			target = 98BB2E301E25B0A6005A8FD0 /* urlsession_tutorial */;
			targetProxy = 98BB2E461E25B0A6005A8FD0 /* PBXContainerItemProxy */;
		};
		98BB2E521E25B0A6005A8FD0 /* PBXTargetDependency */ = {
			isa = PBXTargetDependency;
			target = 98BB2E301E25B0A6005A8FD0 /* urlsession_tutorial */;
			targetProxy = 98BB2E511E25B0A6005A8FD0 /* PBXContainerItemProxy */;
		};
/* End PBXTargetDependency section */

/* Begin PBXVariantGroup section */
		98BB2E381E25B0A6005A8FD0 /* Main.storyboard */ = {
			isa = PBXVariantGroup;
			children = (
				98BB2E391E25B0A6005A8FD0 /* Base */,
			);
			name = Main.storyboard;
			sourceTree = "<group>";
		};
		98BB2E3D1E25B0A6005A8FD0 /* LaunchScreen.storyboard */ = {
			isa = PBXVariantGroup;
			children = (
				98BB2E3E1E25B0A6005A8FD0 /* Base */,
			);
			name = LaunchScreen.storyboard;
			sourceTree = "<group>";
		};
/* End PBXVariantGroup section */

/* Begin XCBuildConfiguration section */
		98BB2E571E25B0A6005A8FD0 /* Debug */ = {
			isa = XCBuildConfiguration;
			buildSettings = {
				ALWAYS_SEARCH_USER_PATHS = NO;
				CLANG_ANALYZER_NONNULL = YES;
				CLANG_CXX_LANGUAGE_STANDARD = "gnu++0x";
				CLANG_CXX_LIBRARY = "libc++";
				CLANG_ENABLE_MODULES = YES;
				CLANG_ENABLE_OBJC_ARC = YES;
				CLANG_WARN_BOOL_CONVERSION = YES;
				CLANG_WARN_CONSTANT_CONVERSION = YES;
				CLANG_WARN_DIRECT_OBJC_ISA_USAGE = YES_ERROR;
				CLANG_WARN_DOCUMENTATION_COMMENTS = YES;
				CLANG_WARN_EMPTY_BODY = YES;
				CLANG_WARN_ENUM_CONVERSION = YES;
				CLANG_WARN_INFINITE_RECURSION = YES;
				CLANG_WARN_INT_CONVERSION = YES;
				CLANG_WARN_OBJC_ROOT_CLASS = YES_ERROR;
				CLANG_WARN_SUSPICIOUS_MOVE = YES;
				CLANG_WARN_UNREACHABLE_CODE = YES;
				CLANG_WARN__DUPLICATE_METHOD_MATCH = YES;
				"CODE_SIGN_IDENTITY[sdk=iphoneos*]" = "iPhone Developer";
				COPY_PHASE_STRIP = NO;
				DEBUG_INFORMATION_FORMAT = dwarf;
				ENABLE_STRICT_OBJC_MSGSEND = YES;
				ENABLE_TESTABILITY = YES;
				GCC_C_LANGUAGE_STANDARD = gnu99;
				GCC_DYNAMIC_NO_PIC = NO;
				GCC_NO_COMMON_BLOCKS = YES;
				GCC_OPTIMIZATION_LEVEL = 0;
				GCC_PREPROCESSOR_DEFINITIONS = (
					"DEBUG=1",
					"$(inherited)",
				);
				GCC_WARN_64_TO_32_BIT_CONVERSION = YES;
				GCC_WARN_ABOUT_RETURN_TYPE = YES_ERROR;
				GCC_WARN_UNDECLARED_SELECTOR = YES;
				GCC_WARN_UNINITIALIZED_AUTOS = YES_AGGRESSIVE;
				GCC_WARN_UNUSED_FUNCTION = YES;
				GCC_WARN_UNUSED_VARIABLE = YES;
				IPHONEOS_DEPLOYMENT_TARGET = 10.2;
				MTL_ENABLE_DEBUG_INFO = YES;
				ONLY_ACTIVE_ARCH = YES;
				SDKROOT = iphoneos;
				SWIFT_ACTIVE_COMPILATION_CONDITIONS = DEBUG;
				SWIFT_OPTIMIZATION_LEVEL = "-Onone";
				TARGETED_DEVICE_FAMILY = "1,2";
			};
			name = Debug;
		};
		98BB2E581E25B0A6005A8FD0 /* Release */ = {
			isa = XCBuildConfiguration;
			buildSettings = {
				ALWAYS_SEARCH_USER_PATHS = NO;
				CLANG_ANALYZER_NONNULL = YES;
				CLANG_CXX_LANGUAGE_STANDARD = "gnu++0x";
				CLANG_CXX_LIBRARY = "libc++";
				CLANG_ENABLE_MODULES = YES;
				CLANG_ENABLE_OBJC_ARC = YES;
				CLANG_WARN_BOOL_CONVERSION = YES;
				CLANG_WARN_CONSTANT_CONVERSION = YES;
				CLANG_WARN_DIRECT_OBJC_ISA_USAGE = YES_ERROR;
				CLANG_WARN_DOCUMENTATION_COMMENTS = YES;
				CLANG_WARN_EMPTY_BODY = YES;
				CLANG_WARN_ENUM_CONVERSION = YES;
				CLANG_WARN_INFINITE_RECURSION = YES;
				CLANG_WARN_INT_CONVERSION = YES;
				CLANG_WARN_OBJC_ROOT_CLASS = YES_ERROR;
				CLANG_WARN_SUSPICIOUS_MOVE = YES;
				CLANG_WARN_UNREACHABLE_CODE = YES;
				CLANG_WARN__DUPLICATE_METHOD_MATCH = YES;
				"CODE_SIGN_IDENTITY[sdk=iphoneos*]" = "iPhone Developer";
				COPY_PHASE_STRIP = NO;
				DEBUG_INFORMATION_FORMAT = "dwarf-with-dsym";
				ENABLE_NS_ASSERTIONS = NO;
				ENABLE_STRICT_OBJC_MSGSEND = YES;
				GCC_C_LANGUAGE_STANDARD = gnu99;
				GCC_NO_COMMON_BLOCKS = YES;
				GCC_WARN_64_TO_32_BIT_CONVERSION = YES;
				GCC_WARN_ABOUT_RETURN_TYPE = YES_ERROR;
				GCC_WARN_UNDECLARED_SELECTOR = YES;
				GCC_WARN_UNINITIALIZED_AUTOS = YES_AGGRESSIVE;
				GCC_WARN_UNUSED_FUNCTION = YES;
				GCC_WARN_UNUSED_VARIABLE = YES;
				IPHONEOS_DEPLOYMENT_TARGET = 10.2;
				MTL_ENABLE_DEBUG_INFO = NO;
				SDKROOT = iphoneos;
				SWIFT_OPTIMIZATION_LEVEL = "-Owholemodule";
				TARGETED_DEVICE_FAMILY = "1,2";
				VALIDATE_PRODUCT = YES;
			};
			name = Release;
		};
		98BB2E5A1E25B0A6005A8FD0 /* Debug */ = {
			isa = XCBuildConfiguration;
			buildSettings = {
				ASSETCATALOG_COMPILER_APPICON_NAME = AppIcon;
				INFOPLIST_FILE = urlsession_tutorial/Info.plist;
				LD_RUNPATH_SEARCH_PATHS = "$(inherited) @executable_path/Frameworks";
				PRODUCT_BUNDLE_IDENTIFIER = "com.zcdev.urlsession-tutorial";
				PRODUCT_NAME = "$(TARGET_NAME)";
				SWIFT_VERSION = 3.0;
			};
			name = Debug;
		};
		98BB2E5B1E25B0A6005A8FD0 /* Release */ = {
			isa = XCBuildConfiguration;
			buildSettings = {
				ASSETCATALOG_COMPILER_APPICON_NAME = AppIcon;
				INFOPLIST_FILE = urlsession_tutorial/Info.plist;
				LD_RUNPATH_SEARCH_PATHS = "$(inherited) @executable_path/Frameworks";
				PRODUCT_BUNDLE_IDENTIFIER = "com.zcdev.urlsession-tutorial";
				PRODUCT_NAME = "$(TARGET_NAME)";
				SWIFT_VERSION = 3.0;
			};
			name = Release;
		};
		98BB2E5D1E25B0A6005A8FD0 /* Debug */ = {
			isa = XCBuildConfiguration;
			buildSettings = {
				ALWAYS_EMBED_SWIFT_STANDARD_LIBRARIES = YES;
				BUNDLE_LOADER = "$(TEST_HOST)";
				INFOPLIST_FILE = urlsession_tutorialTests/Info.plist;
				LD_RUNPATH_SEARCH_PATHS = "$(inherited) @executable_path/Frameworks @loader_path/Frameworks";
				PRODUCT_BUNDLE_IDENTIFIER = "com.zcdev.urlsession-tutorialTests";
				PRODUCT_NAME = "$(TARGET_NAME)";
				SWIFT_VERSION = 3.0;
				TEST_HOST = "$(BUILT_PRODUCTS_DIR)/urlsession_tutorial.app/urlsession_tutorial";
			};
			name = Debug;
		};
		98BB2E5E1E25B0A6005A8FD0 /* Release */ = {
			isa = XCBuildConfiguration;
			buildSettings = {
				ALWAYS_EMBED_SWIFT_STANDARD_LIBRARIES = YES;
				BUNDLE_LOADER = "$(TEST_HOST)";
				INFOPLIST_FILE = urlsession_tutorialTests/Info.plist;
				LD_RUNPATH_SEARCH_PATHS = "$(inherited) @executable_path/Frameworks @loader_path/Frameworks";
				PRODUCT_BUNDLE_IDENTIFIER = "com.zcdev.urlsession-tutorialTests";
				PRODUCT_NAME = "$(TARGET_NAME)";
				SWIFT_VERSION = 3.0;
				TEST_HOST = "$(BUILT_PRODUCTS_DIR)/urlsession_tutorial.app/urlsession_tutorial";
			};
			name = Release;
		};
		98BB2E601E25B0A6005A8FD0 /* Debug */ = {
			isa = XCBuildConfiguration;
			buildSettings = {
				ALWAYS_EMBED_SWIFT_STANDARD_LIBRARIES = YES;
				INFOPLIST_FILE = urlsession_tutorialUITests/Info.plist;
				LD_RUNPATH_SEARCH_PATHS = "$(inherited) @executable_path/Frameworks @loader_path/Frameworks";
				PRODUCT_BUNDLE_IDENTIFIER = "com.zcdev.urlsession-tutorialUITests";
				PRODUCT_NAME = "$(TARGET_NAME)";
				SWIFT_VERSION = 3.0;
				TEST_TARGET_NAME = urlsession_tutorial;
			};
			name = Debug;
		};
		98BB2E611E25B0A6005A8FD0 /* Release */ = {
			isa = XCBuildConfiguration;
			buildSettings = {
				ALWAYS_EMBED_SWIFT_STANDARD_LIBRARIES = YES;
				INFOPLIST_FILE = urlsession_tutorialUITests/Info.plist;
				LD_RUNPATH_SEARCH_PATHS = "$(inherited) @executable_path/Frameworks @loader_path/Frameworks";
				PRODUCT_BUNDLE_IDENTIFIER = "com.zcdev.urlsession-tutorialUITests";
				PRODUCT_NAME = "$(TARGET_NAME)";
				SWIFT_VERSION = 3.0;
				TEST_TARGET_NAME = urlsession_tutorial;
			};
			name = Release;
		};
/* End XCBuildConfiguration section */

/* Begin XCConfigurationList section */
		98BB2E2C1E25B0A6005A8FD0 /* Build configuration list for PBXProject "urlsession_tutorial" */ = {
			isa = XCConfigurationList;
			buildConfigurations = (
				98BB2E571E25B0A6005A8FD0 /* Debug */,
				98BB2E581E25B0A6005A8FD0 /* Release */,
			);
			defaultConfigurationIsVisible = 0;
			defaultConfigurationName = Release;
		};
		98BB2E591E25B0A6005A8FD0 /* Build configuration list for PBXNativeTarget "urlsession_tutorial" */ = {
			isa = XCConfigurationList;
			buildConfigurations = (
				98BB2E5A1E25B0A6005A8FD0 /* Debug */,
				98BB2E5B1E25B0A6005A8FD0 /* Release */,
			);
			defaultConfigurationIsVisible = 0;
		};
		98BB2E5C1E25B0A6005A8FD0 /* Build configuration list for PBXNativeTarget "urlsession_tutorialTests" */ = {
			isa = XCConfigurationList;
			buildConfigurations = (
				98BB2E5D1E25B0A6005A8FD0 /* Debug */,
				98BB2E5E1E25B0A6005A8FD0 /* Release */,
			);
			defaultConfigurationIsVisible = 0;
		};
		98BB2E5F1E25B0A6005A8FD0 /* Build configuration list for PBXNativeTarget "urlsession_tutorialUITests" */ = {
			isa = XCConfigurationList;
			buildConfigurations = (
				98BB2E601E25B0A6005A8FD0 /* Debug */,
				98BB2E611E25B0A6005A8FD0 /* Release */,
			);
			defaultConfigurationIsVisible = 0;
		};
/* End XCConfigurationList section */
	};
	rootObject = 98BB2E291E25B0A6005A8FD0 /* Project object */;
}
